
Microsoft Visual Studio Solution File, Format Version 12.00
# Visual Studio Version 17
VisualStudioVersion = 17.13.35806.99 d17.13
MinimumVisualStudioVersion = 10.0.40219.1
Project("{FAE04EC0-301F-11D3-BF4B-00C04F79EFBC}") = "BatalhaNavalCompleto-Teste2", "BatalhaNavalCompleto-Teste2.csproj", "{B9415C59-D518-411B-81A0-B5AED573941C}"
EndProject
Global
	GlobalSection(SolutionConfigurationPlatforms) = preSolution
		Debug|Any CPU = Debug|Any CPU
		Release|Any CPU = Release|Any CPU
	EndGlobalSection
	GlobalSection(ProjectConfigurationPlatforms) = postSolution
		{B9415C59-D518-411B-81A0-B5AED573941C}.Debug|Any CPU.ActiveCfg = Debug|Any CPU
		{B9415C59-D518-411B-81A0-B5AED573941C}.Debug|Any CPU.Build.0 = Debug|Any CPU
		{B9415C59-D518-411B-81A0-B5AED573941C}.Release|Any CPU.ActiveCfg = Release|Any CPU
		{B9415C59-D518-411B-81A0-B5AED573941C}.Release|Any CPU.Build.0 = Release|Any CPU
	EndGlobalSection
	GlobalSection(SolutionProperties) = preSolution
		HideSolutionNode = FALSE
	EndGlobalSection
	GlobalSection(ExtensibilityGlobals) = postSolution
		SolutionGuid = {0A4DAB17-3E90-49A2-8487-B71C451C7D81}
	EndGlobalSection
EndGlobal
